{
  "requires": true,
  "lockfileVersion": 1,
  "dependencies": {
    "angular-survey": {
      "version": "0.1.0",
      "resolved": "https://registry.npmjs.org/angular-survey/-/angular-survey-0.1.0.tgz",
      "integrity": "sha512-kY8prqT3oGQAzSnEFzRYCXSmAgIOT8sYPBeLoqmww9TcmIzFFNBQ0F8E4KpeemyDozFeZoAZNri/Lst54hxP7Q=="
    }
  }
}
